
Microsoft Visual Studio Solution File, Format Version 12.00
# Visual Studio Version 16
VisualStudioVersion = 16.0.30128.74
MinimumVisualStudioVersion = 10.0.40219.1
Project("{FAE04EC0-301F-11D3-BF4B-00C04F79EFBC}") = "Homework7", "Homework7\Homework7.csproj", "{D1508706-2FF8-4DB8-B6E6-CE6AC05E6F57}"
EndProject
Global
	GlobalSection(SolutionConfigurationPlatforms) = preSolution
		Debug|Any CPU = Debug|Any CPU
		Release|Any CPU = Release|Any CPU
	EndGlobalSection
	GlobalSection(ProjectConfigurationPlatforms) = postSolution
		{D1508706-2FF8-4DB8-B6E6-CE6AC05E6F57}.Debug|Any CPU.ActiveCfg = Debug|Any CPU
		{D1508706-2FF8-4DB8-B6E6-CE6AC05E6F57}.Debug|Any CPU.Build.0 = Debug|Any CPU
		{D1508706-2FF8-4DB8-B6E6-CE6AC05E6F57}.Release|Any CPU.ActiveCfg = Release|Any CPU
		{D1508706-2FF8-4DB8-B6E6-CE6AC05E6F57}.Release|Any CPU.Build.0 = Release|Any CPU
	EndGlobalSection
	GlobalSection(SolutionProperties) = preSolution
		HideSolutionNode = FALSE
	EndGlobalSection
	GlobalSection(ExtensibilityGlobals) = postSolution
		SolutionGuid = {F6764EA4-0CAB-48FB-9F9D-DD319046B168}
	EndGlobalSection
EndGlobal
